{
  "name": "html-link-parser",
  "version": "1.1.12",
  "lockfileVersion": 3,
  "requires": true,
  "packages": {
    "": {
      "name": "html-link-parser",
      "version": "1.1.12",
      "license": "MIT",
      "dependencies": {
        "colors": "^1.4.0",
        "jsonc-parser": "^3.3.1",
        "sax": "github:isaacs/sax-js#semver:1.4"
      },
      "bin": {
        "hlp": "html-link-parser.js",
        "htmllinkparser": "html-link-parser.js"
      },
      "engines": {
        "node": ">=18.0.0"
      }
    },
    "node_modules/colors": {
      "version": "1.4.0",
      "license": "MIT",
      "engines": {
        "node": ">=0.1.90"
      }
    },
    "node_modules/jsonc-parser": {
      "version": "3.3.1",
      "license": "MIT"
    },
    "node_modules/sax": {
      "version": "1.4.4",
      "resolved": "git+ssh://git@github.com/isaacs/sax-js.git#15f905595d599a5f401734ecde0ce6702992526f",
      "license": "BlueOak-1.0.0",
      "engines": {
        "node": ">=11.0.0"
      }
    }
  }
}
